
Microsoft Visual Studio Solution File, Format Version 12.00
# Visual Studio Version 17
VisualStudioVersion = 17.8.34525.116
MinimumVisualStudioVersion = 10.0.40219.1
Project("{FAE04EC0-301F-11D3-BF4B-00C04F79EFBC}") = "WindForm11-06-24", "WindForm11-06-24\WindForm11-06-24.csproj", "{C1541BA4-18A9-4B15-99FA-C076EA1EE978}"
EndProject
Global
	GlobalSection(SolutionConfigurationPlatforms) = preSolution
		Debug|Any CPU = Debug|Any CPU
		Release|Any CPU = Release|Any CPU
	EndGlobalSection
	GlobalSection(ProjectConfigurationPlatforms) = postSolution
		{C1541BA4-18A9-4B15-99FA-C076EA1EE978}.Debug|Any CPU.ActiveCfg = Debug|Any CPU
		{C1541BA4-18A9-4B15-99FA-C076EA1EE978}.Debug|Any CPU.Build.0 = Debug|Any CPU
		{C1541BA4-18A9-4B15-99FA-C076EA1EE978}.Release|Any CPU.ActiveCfg = Release|Any CPU
		{C1541BA4-18A9-4B15-99FA-C076EA1EE978}.Release|Any CPU.Build.0 = Release|Any CPU
	EndGlobalSection
	GlobalSection(SolutionProperties) = preSolution
		HideSolutionNode = FALSE
	EndGlobalSection
	GlobalSection(ExtensibilityGlobals) = postSolution
		SolutionGuid = {A29D284D-484A-4E2F-AE89-8C916BCD83F6}
	EndGlobalSection
EndGlobal
